// !$*UTF8*$!
{
	archiveVersion = 1;
	classes = {
	};
	objectVersion = 48;
	objects = {

/* Begin PBXBuildFile section */
		1348D03320A94A2700C20191 /* Assets.xcassets in Resources */ = {isa = PBXBuildFile; fileRef = 1348D03220A94A2700C20191 /* Assets.xcassets */; };
		1348D03520AA36ED00C20191 /* ModalHandler.swift in Sources */ = {isa = PBXBuildFile; fileRef = 1348D03420AA36ED00C20191 /* ModalHandler.swift */; };
		1348D03820AA912800C20191 /* Constants.swift in Sources */ = {isa = PBXBuildFile; fileRef = 1348D03720AA912800C20191 /* Constants.swift */; };
		1348D04220AB6DD700C20191 /* NotificationCenter.framework in Frameworks */ = {isa = PBXBuildFile; fileRef = 1348D04120AB6DD700C20191 /* NotificationCenter.framework */; };
		1348D04520AB6DD800C20191 /* TodayViewController.swift in Sources */ = {isa = PBXBuildFile; fileRef = 1348D04420AB6DD800C20191 /* TodayViewController.swift */; };
		1348D04820AB6DD800C20191 /* MainInterface.storyboard in Resources */ = {isa = PBXBuildFile; fileRef = 1348D04620AB6DD800C20191 /* MainInterface.storyboard */; };
		1348D04C20AB6DD800C20191 /* Today tasks.appex in Embed App Extensions */ = {isa = PBXBuildFile; fileRef = 1348D03F20AB6DD700C20191 /* Today tasks.appex */; settings = {ATTRIBUTES = (RemoveHeadersOnCopy, ); }; };
		1348D05320AB76E500C20191 /* Model.xcdatamodeld in Sources */ = {isa = PBXBuildFile; fileRef = 135E36361FF718E600EF6F78 /* Model.xcdatamodeld */; };
		1348D07820AB90BD00C20191 /* PersistentContainer.swift in Sources */ = {isa = PBXBuildFile; fileRef = 1348D07720AB90BD00C20191 /* PersistentContainer.swift */; };
		1348D07920AB90BD00C20191 /* PersistentContainer.swift in Sources */ = {isa = PBXBuildFile; fileRef = 1348D07720AB90BD00C20191 /* PersistentContainer.swift */; };
		1348D07A20AB94B300C20191 /* Assets.xcassets in Resources */ = {isa = PBXBuildFile; fileRef = 1348D03220A94A2700C20191 /* Assets.xcassets */; };
		1348D07D20AB9C8000C20191 /* WidgetTableViewCell.swift in Sources */ = {isa = PBXBuildFile; fileRef = 1348D07C20AB9C8000C20191 /* WidgetTableViewCell.swift */; };
		1348D0C220BC7F3B00C20191 /* LongPressReorder.swift in Sources */ = {isa = PBXBuildFile; fileRef = 1348D0C120BC7F3B00C20191 /* LongPressReorder.swift */; };
		1348D0C820BDA57300C20191 /* TaskCell.swift in Sources */ = {isa = PBXBuildFile; fileRef = 1348D0C620BDA57300C20191 /* TaskCell.swift */; };
		1348D0C920BDA57300C20191 /* TaskCell.xib in Resources */ = {isa = PBXBuildFile; fileRef = 1348D0C720BDA57300C20191 /* TaskCell.xib */; };
		135E36381FF718E600EF6F78 /* Model.xcdatamodeld in Sources */ = {isa = PBXBuildFile; fileRef = 135E36361FF718E600EF6F78 /* Model.xcdatamodeld */; };
		13961C981FEB511100A9B2C1 /* AppDelegate.swift in Sources */ = {isa = PBXBuildFile; fileRef = 13961C971FEB511100A9B2C1 /* AppDelegate.swift */; };
		13961C9A1FEB511100A9B2C1 /* TodayVC.swift in Sources */ = {isa = PBXBuildFile; fileRef = 13961C991FEB511100A9B2C1 /* TodayVC.swift */; };
		13961C9C1FEB511100A9B2C1 /* SomeDayVC.swift in Sources */ = {isa = PBXBuildFile; fileRef = 13961C9B1FEB511100A9B2C1 /* SomeDayVC.swift */; };
		13961C9F1FEB511100A9B2C1 /* Main.storyboard in Resources */ = {isa = PBXBuildFile; fileRef = 13961C9D1FEB511100A9B2C1 /* Main.storyboard */; };
		13961CA41FEB511100A9B2C1 /* LaunchScreen.storyboard in Resources */ = {isa = PBXBuildFile; fileRef = 13961CA21FEB511100A9B2C1 /* LaunchScreen.storyboard */; };
		13C6AD0920C07604002DFD66 /* TableHeaderView.swift in Sources */ = {isa = PBXBuildFile; fileRef = 13C6AD0820C07604002DFD66 /* TableHeaderView.swift */; };
		13C6AD0B20C07629002DFD66 /* TableHeaderView.xib in Resources */ = {isa = PBXBuildFile; fileRef = 13C6AD0A20C07629002DFD66 /* TableHeaderView.xib */; };
		13F2858F1FF74A4800E598A4 /* TaskVC.swift in Sources */ = {isa = PBXBuildFile; fileRef = 13F2858E1FF74A4800E598A4 /* TaskVC.swift */; };
		9567C28486A262C35EFB9E1B /* Pods_TodayTomorrow.framework in Frameworks */ = {isa = PBXBuildFile; fileRef = AB0D30DDB62F672461D5DACE /* Pods_TodayTomorrow.framework */; };
		AFFF52F55E1AD84B689C6FC7 /* Pods_Today_tasks.framework in Frameworks */ = {isa = PBXBuildFile; fileRef = 3ED952C0620BD0130579D50A /* Pods_Today_tasks.framework */; };
/* End PBXBuildFile section */

/* Begin PBXContainerItemProxy section */
		1348D04A20AB6DD800C20191 /* PBXContainerItemProxy */ = {
			isa = PBXContainerItemProxy;
			containerPortal = 13961C8C1FEB511100A9B2C1 /* Project object */;
			proxyType = 1;
			remoteGlobalIDString = 1348D03E20AB6DD700C20191;
			remoteInfo = "Today tasks";
		};
/* End PBXContainerItemProxy section */

/* Begin PBXCopyFilesBuildPhase section */
		1348D05020AB6DD800C20191 /* Embed App Extensions */ = {
			isa = PBXCopyFilesBuildPhase;
			buildActionMask = 2147483647;
			dstPath = "";
			dstSubfolderSpec = 13;
			files = (
				1348D04C20AB6DD800C20191 /* Today tasks.appex in Embed App Extensions */,
			);
			name = "Embed App Extensions";
			runOnlyForDeploymentPostprocessing = 0;
		};
/* End PBXCopyFilesBuildPhase section */

/* Begin PBXFileReference section */
		1348D03220A94A2700C20191 /* Assets.xcassets */ = {isa = PBXFileReference; lastKnownFileType = folder.assetcatalog; path = Assets.xcassets; sourceTree = "<group>"; };
		1348D03420AA36ED00C20191 /* ModalHandler.swift */ = {isa = PBXFileReference; lastKnownFileType = sourcecode.swift; path = ModalHandler.swift; sourceTree = "<group>"; };
		1348D03720AA912800C20191 /* Constants.swift */ = {isa = PBXFileReference; lastKnownFileType = sourcecode.swift; path = Constants.swift; sourceTree = "<group>"; };
		1348D03F20AB6DD700C20191 /* Today tasks.appex */ = {isa = PBXFileReference; explicitFileType = "wrapper.app-extension"; includeInIndex = 0; path = "Today tasks.appex"; sourceTree = BUILT_PRODUCTS_DIR; };
		1348D04120AB6DD700C20191 /* NotificationCenter.framework */ = {isa = PBXFileReference; lastKnownFileType = wrapper.framework; name = NotificationCenter.framework; path = System/Library/Frameworks/NotificationCenter.framework; sourceTree = SDKROOT; };
		1348D04420AB6DD800C20191 /* TodayViewController.swift */ = {isa = PBXFileReference; lastKnownFileType = sourcecode.swift; path = TodayViewController.swift; sourceTree = "<group>"; };
		1348D04720AB6DD800C20191 /* Base */ = {isa = PBXFileReference; lastKnownFileType = file.storyboard; name = Base; path = Base.lproj/MainInterface.storyboard; sourceTree = "<group>"; };
		1348D04920AB6DD800C20191 /* Info.plist */ = {isa = PBXFileReference; lastKnownFileType = text.plist.xml; path = Info.plist; sourceTree = "<group>"; };
		1348D05120AB752100C20191 /* Today tasks.entitlements */ = {isa = PBXFileReference; lastKnownFileType = text.plist.entitlements; path = "Today tasks.entitlements"; sourceTree = "<group>"; };
		1348D05220AB756B00C20191 /* TodayTomorrow.entitlements */ = {isa = PBXFileReference; lastKnownFileType = text.plist.entitlements; path = TodayTomorrow.entitlements; sourceTree = "<group>"; };
		1348D07720AB90BD00C20191 /* PersistentContainer.swift */ = {isa = PBXFileReference; lastKnownFileType = sourcecode.swift; path = PersistentContainer.swift; sourceTree = "<group>"; };
		1348D07C20AB9C8000C20191 /* WidgetTableViewCell.swift */ = {isa = PBXFileReference; lastKnownFileType = sourcecode.swift; path = WidgetTableViewCell.swift; sourceTree = "<group>"; };
		1348D0C120BC7F3B00C20191 /* LongPressReorder.swift */ = {isa = PBXFileReference; lastKnownFileType = sourcecode.swift; path = LongPressReorder.swift; sourceTree = "<group>"; };
		1348D0C320BCA64900C20191 /* Model v2.xcdatamodel */ = {isa = PBXFileReference; lastKnownFileType = wrapper.xcdatamodel; path = "Model v2.xcdatamodel"; sourceTree = "<group>"; };
		1348D0C620BDA57300C20191 /* TaskCell.swift */ = {isa = PBXFileReference; lastKnownFileType = sourcecode.swift; path = TaskCell.swift; sourceTree = "<group>"; };
		1348D0C720BDA57300C20191 /* TaskCell.xib */ = {isa = PBXFileReference; lastKnownFileType = file.xib; path = TaskCell.xib; sourceTree = "<group>"; };
		135E36371FF718E600EF6F78 /* Model.xcdatamodel */ = {isa = PBXFileReference; lastKnownFileType = wrapper.xcdatamodel; path = Model.xcdatamodel; sourceTree = "<group>"; };
		13961C941FEB511100A9B2C1 /* TodayTomorrow.app */ = {isa = PBXFileReference; explicitFileType = wrapper.application; includeInIndex = 0; path = TodayTomorrow.app; sourceTree = BUILT_PRODUCTS_DIR; };
		13961C971FEB511100A9B2C1 /* AppDelegate.swift */ = {isa = PBXFileReference; lastKnownFileType = sourcecode.swift; path = AppDelegate.swift; sourceTree = "<group>"; };
		13961C991FEB511100A9B2C1 /* TodayVC.swift */ = {isa = PBXFileReference; lastKnownFileType = sourcecode.swift; path = TodayVC.swift; sourceTree = "<group>"; };
		13961C9B1FEB511100A9B2C1 /* SomeDayVC.swift */ = {isa = PBXFileReference; lastKnownFileType = sourcecode.swift; path = SomeDayVC.swift; sourceTree = "<group>"; };
		13961C9E1FEB511100A9B2C1 /* Base */ = {isa = PBXFileReference; lastKnownFileType = file.storyboard; name = Base; path = Base.lproj/Main.storyboard; sourceTree = "<group>"; };
		13961CA31FEB511100A9B2C1 /* Base */ = {isa = PBXFileReference; lastKnownFileType = file.storyboard; name = Base; path = Base.lproj/LaunchScreen.storyboard; sourceTree = "<group>"; };
		13961CA51FEB511100A9B2C1 /* Info.plist */ = {isa = PBXFileReference; lastKnownFileType = text.plist.xml; path = Info.plist; sourceTree = "<group>"; };
		13C6AD0820C07604002DFD66 /* TableHeaderView.swift */ = {isa = PBXFileReference; lastKnownFileType = sourcecode.swift; path = TableHeaderView.swift; sourceTree = "<group>"; };
		13C6AD0A20C07629002DFD66 /* TableHeaderView.xib */ = {isa = PBXFileReference; lastKnownFileType = file.xib; path = TableHeaderView.xib; sourceTree = "<group>"; };
		13C6AD2D20C1C75D002DFD66 /* Model v3.xcdatamodel */ = {isa = PBXFileReference; lastKnownFileType = wrapper.xcdatamodel; path = "Model v3.xcdatamodel"; sourceTree = "<group>"; };
		13F2858E1FF74A4800E598A4 /* TaskVC.swift */ = {isa = PBXFileReference; lastKnownFileType = sourcecode.swift; path = TaskVC.swift; sourceTree = "<group>"; };
		3ED952C0620BD0130579D50A /* Pods_Today_tasks.framework */ = {isa = PBXFileReference; explicitFileType = wrapper.framework; includeInIndex = 0; path = Pods_Today_tasks.framework; sourceTree = BUILT_PRODUCTS_DIR; };
		AA7B66EFE1938324CFA50338 /* Pods-TodayTomorrow.debug.xcconfig */ = {isa = PBXFileReference; includeInIndex = 1; lastKnownFileType = text.xcconfig; name = "Pods-TodayTomorrow.debug.xcconfig"; path = "Pods/Target Support Files/Pods-TodayTomorrow/Pods-TodayTomorrow.debug.xcconfig"; sourceTree = "<group>"; };
		AB0D30DDB62F672461D5DACE /* Pods_TodayTomorrow.framework */ = {isa = PBXFileReference; explicitFileType = wrapper.framework; includeInIndex = 0; path = Pods_TodayTomorrow.framework; sourceTree = BUILT_PRODUCTS_DIR; };
		B26174F301BC4AC1EDE17E9C /* Pods-Today tasks.release.xcconfig */ = {isa = PBXFileReference; includeInIndex = 1; lastKnownFileType = text.xcconfig; name = "Pods-Today tasks.release.xcconfig"; path = "Pods/Target Support Files/Pods-Today tasks/Pods-Today tasks.release.xcconfig"; sourceTree = "<group>"; };
		B611013094C1A827DE379FE2 /* Pods-TodayTomorrow.release.xcconfig */ = {isa = PBXFileReference; includeInIndex = 1; lastKnownFileType = text.xcconfig; name = "Pods-TodayTomorrow.release.xcconfig"; path = "Pods/Target Support Files/Pods-TodayTomorrow/Pods-TodayTomorrow.release.xcconfig"; sourceTree = "<group>"; };
		FC4FED234C0D0380399488B1 /* Pods-Today tasks.debug.xcconfig */ = {isa = PBXFileReference; includeInIndex = 1; lastKnownFileType = text.xcconfig; name = "Pods-Today tasks.debug.xcconfig"; path = "Pods/Target Support Files/Pods-Today tasks/Pods-Today tasks.debug.xcconfig"; sourceTree = "<group>"; };
/* End PBXFileReference section */

/* Begin PBXFrameworksBuildPhase section */
		1348D03C20AB6DD700C20191 /* Frameworks */ = {
			isa = PBXFrameworksBuildPhase;
			buildActionMask = 2147483647;
			files = (
				1348D04220AB6DD700C20191 /* NotificationCenter.framework in Frameworks */,
				AFFF52F55E1AD84B689C6FC7 /* Pods_Today_tasks.framework in Frameworks */,
			);
			runOnlyForDeploymentPostprocessing = 0;
		};
		13961C911FEB511100A9B2C1 /* Frameworks */ = {
			isa = PBXFrameworksBuildPhase;
			buildActionMask = 2147483647;
			files = (
				9567C28486A262C35EFB9E1B /* Pods_TodayTomorrow.framework in Frameworks */,
			);
			runOnlyForDeploymentPostprocessing = 0;
		};
/* End PBXFrameworksBuildPhase section */

/* Begin PBXGroup section */
		1348D03620AA370000C20191 /* Supporting files */ = {
			isa = PBXGroup;
			children = (
				1348D03720AA912800C20191 /* Constants.swift */,
				1348D03420AA36ED00C20191 /* ModalHandler.swift */,
				1348D07720AB90BD00C20191 /* PersistentContainer.swift */,
				1348D0C120BC7F3B00C20191 /* LongPressReorder.swift */,
			);
			path = "Supporting files";
			sourceTree = "<group>";
		};
		1348D04020AB6DD700C20191 /* Frameworks */ = {
			isa = PBXGroup;
			children = (
				1348D04120AB6DD700C20191 /* NotificationCenter.framework */,
				3ED952C0620BD0130579D50A /* Pods_Today_tasks.framework */,
				AB0D30DDB62F672461D5DACE /* Pods_TodayTomorrow.framework */,
			);
			name = Frameworks;
			sourceTree = "<group>";
		};
		1348D04320AB6DD800C20191 /* Today tasks */ = {
			isa = PBXGroup;
			children = (
				1348D05120AB752100C20191 /* Today tasks.entitlements */,
				1348D04420AB6DD800C20191 /* TodayViewController.swift */,
				1348D04620AB6DD800C20191 /* MainInterface.storyboard */,
				1348D04920AB6DD800C20191 /* Info.plist */,
				1348D07C20AB9C8000C20191 /* WidgetTableViewCell.swift */,
			);
			path = "Today tasks";
			sourceTree = "<group>";
		};
		134E04BF2008058C00A4410F /* View Controllers */ = {
			isa = PBXGroup;
			children = (
				13961C991FEB511100A9B2C1 /* TodayVC.swift */,
				13961C9B1FEB511100A9B2C1 /* SomeDayVC.swift */,
				13F2858E1FF74A4800E598A4 /* TaskVC.swift */,
			);
			path = "View Controllers";
			sourceTree = "<group>";
		};
		134E04C0200805B100A4410F /* Custom Cells */ = {
			isa = PBXGroup;
			children = (
				1348D0C620BDA57300C20191 /* TaskCell.swift */,
				1348D0C720BDA57300C20191 /* TaskCell.xib */,
				13C6AD0820C07604002DFD66 /* TableHeaderView.swift */,
				13C6AD0A20C07629002DFD66 /* TableHeaderView.xib */,
			);
			path = "Custom Cells";
			sourceTree = "<group>";
		};
		13961C8B1FEB511100A9B2C1 = {
			isa = PBXGroup;
			children = (
				13961C961FEB511100A9B2C1 /* TodayTomorrow */,
				1348D04320AB6DD800C20191 /* Today tasks */,
				1348D04020AB6DD700C20191 /* Frameworks */,
				13961C951FEB511100A9B2C1 /* Products */,
				D0CDBF05C280164F35BAB4DA /* Pods */,
			);
			sourceTree = "<group>";
		};
		13961C951FEB511100A9B2C1 /* Products */ = {
			isa = PBXGroup;
			children = (
				13961C941FEB511100A9B2C1 /* TodayTomorrow.app */,
				1348D03F20AB6DD700C20191 /* Today tasks.appex */,
			);
			name = Products;
			sourceTree = "<group>";
		};
		13961C961FEB511100A9B2C1 /* TodayTomorrow */ = {
			isa = PBXGroup;
			children = (
				1348D05220AB756B00C20191 /* TodayTomorrow.entitlements */,
				13961C971FEB511100A9B2C1 /* AppDelegate.swift */,
				134E04C0200805B100A4410F /* Custom Cells */,
				134E04BF2008058C00A4410F /* View Controllers */,
				1348D03620AA370000C20191 /* Supporting files */,
				13961C9D1FEB511100A9B2C1 /* Main.storyboard */,
				1348D03220A94A2700C20191 /* Assets.xcassets */,
				13961CA21FEB511100A9B2C1 /* LaunchScreen.storyboard */,
				135E36361FF718E600EF6F78 /* Model.xcdatamodeld */,
				13961CA51FEB511100A9B2C1 /* Info.plist */,
			);
			path = TodayTomorrow;
			sourceTree = "<group>";
		};
		D0CDBF05C280164F35BAB4DA /* Pods */ = {
			isa = PBXGroup;
			children = (
				FC4FED234C0D0380399488B1 /* Pods-Today tasks.debug.xcconfig */,
				B26174F301BC4AC1EDE17E9C /* Pods-Today tasks.release.xcconfig */,
				AA7B66EFE1938324CFA50338 /* Pods-TodayTomorrow.debug.xcconfig */,
				B611013094C1A827DE379FE2 /* Pods-TodayTomorrow.release.xcconfig */,
			);
			name = Pods;
			sourceTree = "<group>";
		};
/* End PBXGroup section */

/* Begin PBXNativeTarget section */
		1348D03E20AB6DD700C20191 /* Today tasks */ = {
			isa = PBXNativeTarget;
			buildConfigurationList = 1348D04D20AB6DD800C20191 /* Build configuration list for PBXNativeTarget "Today tasks" */;
			buildPhases = (
				17C066AB864BCF4F8ECC46FE /* [CP] Check Pods Manifest.lock */,
				1348D03B20AB6DD700C20191 /* Sources */,
				1348D03C20AB6DD700C20191 /* Frameworks */,
				1348D03D20AB6DD700C20191 /* Resources */,
				EC0CE3102E04F108AEE7E70A /* [CP] Copy Pods Resources */,
			);
			buildRules = (
			);
			dependencies = (
			);
			name = "Today tasks";
			productName = "Today tasks";
			productReference = 1348D03F20AB6DD700C20191 /* Today tasks.appex */;
			productType = "com.apple.product-type.app-extension";
		};
		13961C931FEB511100A9B2C1 /* TodayTomorrow */ = {
			isa = PBXNativeTarget;
			buildConfigurationList = 13961CA81FEB511100A9B2C1 /* Build configuration list for PBXNativeTarget "TodayTomorrow" */;
			buildPhases = (
				B2BD977CFC4FFAB022F9635C /* [CP] Check Pods Manifest.lock */,
				13961C901FEB511100A9B2C1 /* Sources */,
				13961C911FEB511100A9B2C1 /* Frameworks */,
				13961C921FEB511100A9B2C1 /* Resources */,
				1348D05020AB6DD800C20191 /* Embed App Extensions */,
				5C6E0A341A0F4C1A33CE2956 /* [CP] Embed Pods Frameworks */,
				EB038769124ECA3025359239 /* [CP] Copy Pods Resources */,
			);
			buildRules = (
			);
			dependencies = (
				1348D04B20AB6DD800C20191 /* PBXTargetDependency */,
			);
			name = TodayTomorrow;
			productName = TodayTomorrow;
			productReference = 13961C941FEB511100A9B2C1 /* TodayTomorrow.app */;
			productType = "com.apple.product-type.application";
		};
/* End PBXNativeTarget section */

/* Begin PBXProject section */
		13961C8C1FEB511100A9B2C1 /* Project object */ = {
			isa = PBXProject;
			attributes = {
				LastSwiftUpdateCheck = 0930;
				LastUpgradeCheck = 0930;
				ORGANIZATIONNAME = Centennial;
				TargetAttributes = {
					1348D03E20AB6DD700C20191 = {
						CreatedOnToolsVersion = 9.3;
						ProvisioningStyle = Automatic;
						SystemCapabilities = {
							com.apple.ApplicationGroups.iOS = {
								enabled = 1;
							};
						};
					};
					13961C931FEB511100A9B2C1 = {
						CreatedOnToolsVersion = 9.2;
						ProvisioningStyle = Automatic;
						SystemCapabilities = {
							com.apple.ApplicationGroups.iOS = {
								enabled = 1;
							};
						};
					};
				};
			};
			buildConfigurationList = 13961C8F1FEB511100A9B2C1 /* Build configuration list for PBXProject "TodayTomorrow" */;
			compatibilityVersion = "Xcode 8.0";
			developmentRegion = en;
			hasScannedForEncodings = 0;
			knownRegions = (
				en,
				Base,
			);
			mainGroup = 13961C8B1FEB511100A9B2C1;
			productRefGroup = 13961C951FEB511100A9B2C1 /* Products */;
			projectDirPath = "";
			projectRoot = "";
			targets = (
				13961C931FEB511100A9B2C1 /* TodayTomorrow */,
				1348D03E20AB6DD700C20191 /* Today tasks */,
			);
		};
/* End PBXProject section */

/* Begin PBXResourcesBuildPhase section */
		1348D03D20AB6DD700C20191 /* Resources */ = {
			isa = PBXResourcesBuildPhase;
			buildActionMask = 2147483647;
			files = (
				1348D07A20AB94B300C20191 /* Assets.xcassets in Resources */,
				1348D04820AB6DD800C20191 /* MainInterface.storyboard in Resources */,
			);
			runOnlyForDeploymentPostprocessing = 0;
		};
		13961C921FEB511100A9B2C1 /* Resources */ = {
			isa = PBXResourcesBuildPhase;
			buildActionMask = 2147483647;
			files = (
				1348D0C920BDA57300C20191 /* TaskCell.xib in Resources */,
				13961CA41FEB511100A9B2C1 /* LaunchScreen.storyboard in Resources */,
				1348D03320A94A2700C20191 /* Assets.xcassets in Resources */,
				13C6AD0B20C07629002DFD66 /* TableHeaderView.xib in Resources */,
				13961C9F1FEB511100A9B2C1 /* Main.storyboard in Resources */,
			);
			runOnlyForDeploymentPostprocessing = 0;
		};
/* End PBXResourcesBuildPhase section */

/* Begin PBXShellScriptBuildPhase section */
		17C066AB864BCF4F8ECC46FE /* [CP] Check Pods Manifest.lock */ = {
			isa = PBXShellScriptBuildPhase;
			buildActionMask = 2147483647;
			files = (
			);
			inputPaths = (
				"${PODS_PODFILE_DIR_PATH}/Podfile.lock",
				"${PODS_ROOT}/Manifest.lock",
			);
			name = "[CP] Check Pods Manifest.lock";
			outputPaths = (
				"$(DERIVED_FILE_DIR)/Pods-Today tasks-checkManifestLockResult.txt",
			);
			runOnlyForDeploymentPostprocessing = 0;
			shellPath = /bin/sh;
			shellScript = "diff \"${PODS_PODFILE_DIR_PATH}/Podfile.lock\" \"${PODS_ROOT}/Manifest.lock\" > /dev/null\nif [ $? != 0 ] ; then\n    # print error to STDERR\n    echo \"error: The sandbox is not in sync with the Podfile.lock. Run 'pod install' or update your CocoaPods installation.\" >&2\n    exit 1\nfi\n# This output is used by Xcode 'outputs' to avoid re-running this script phase.\necho \"SUCCESS\" > \"${SCRIPT_OUTPUT_FILE_0}\"\n";
			showEnvVarsInLog = 0;
		};
		5C6E0A341A0F4C1A33CE2956 /* [CP] Embed Pods Frameworks */ = {
			isa = PBXShellScriptBuildPhase;
			buildActionMask = 2147483647;
			files = (
			);
			inputPaths = (
				"${SRCROOT}/Pods/Target Support Files/Pods-TodayTomorrow/Pods-TodayTomorrow-frameworks.sh",
				"${BUILT_PRODUCTS_DIR}/MGSwipeTableCell/MGSwipeTableCell.framework",
			);
			name = "[CP] Embed Pods Frameworks";
			outputPaths = (
				"${TARGET_BUILD_DIR}/${FRAMEWORKS_FOLDER_PATH}/MGSwipeTableCell.framework",
			);
			runOnlyForDeploymentPostprocessing = 0;
			shellPath = /bin/sh;
			shellScript = "\"${SRCROOT}/Pods/Target Support Files/Pods-TodayTomorrow/Pods-TodayTomorrow-frameworks.sh\"\n";
			showEnvVarsInLog = 0;
		};
		B2BD977CFC4FFAB022F9635C /* [CP] Check Pods Manifest.lock */ = {
			isa = PBXShellScriptBuildPhase;
			buildActionMask = 2147483647;
			files = (
			);
			inputPaths = (
				"${PODS_PODFILE_DIR_PATH}/Podfile.lock",
				"${PODS_ROOT}/Manifest.lock",
			);
			name = "[CP] Check Pods Manifest.lock";
			outputPaths = (
				"$(DERIVED_FILE_DIR)/Pods-TodayTomorrow-checkManifestLockResult.txt",
			);
			runOnlyForDeploymentPostprocessing = 0;
			shellPath = /bin/sh;
			shellScript = "diff \"${PODS_PODFILE_DIR_PATH}/Podfile.lock\" \"${PODS_ROOT}/Manifest.lock\" > /dev/null\nif [ $? != 0 ] ; then\n    # print error to STDERR\n    echo \"error: The sandbox is not in sync with the Podfile.lock. Run 'pod install' or update your CocoaPods installation.\" >&2\n    exit 1\nfi\n# This output is used by Xcode 'outputs' to avoid re-running this script phase.\necho \"SUCCESS\" > \"${SCRIPT_OUTPUT_FILE_0}\"\n";
			showEnvVarsInLog = 0;
		};
		EB038769124ECA3025359239 /* [CP] Copy Pods Resources */ = {
			isa = PBXShellScriptBuildPhase;
			buildActionMask = 2147483647;
			files = (
			);
			inputPaths = (
			);
			name = "[CP] Copy Pods Resources";
			outputPaths = (
			);
			runOnlyForDeploymentPostprocessing = 0;
			shellPath = /bin/sh;
			shellScript = "\"${SRCROOT}/Pods/Target Support Files/Pods-TodayTomorrow/Pods-TodayTomorrow-resources.sh\"\n";
			showEnvVarsInLog = 0;
		};
		EC0CE3102E04F108AEE7E70A /* [CP] Copy Pods Resources */ = {
			isa = PBXShellScriptBuildPhase;
			buildActionMask = 2147483647;
			files = (
			);
			inputPaths = (
			);
			name = "[CP] Copy Pods Resources";
			outputPaths = (
			);
			runOnlyForDeploymentPostprocessing = 0;
			shellPath = /bin/sh;
			shellScript = "\"${SRCROOT}/Pods/Target Support Files/Pods-Today tasks/Pods-Today tasks-resources.sh\"\n";
			showEnvVarsInLog = 0;
		};
/* End PBXShellScriptBuildPhase section */

/* Begin PBXSourcesBuildPhase section */
		1348D03B20AB6DD700C20191 /* Sources */ = {
			isa = PBXSourcesBuildPhase;
			buildActionMask = 2147483647;
			files = (
				1348D07920AB90BD00C20191 /* PersistentContainer.swift in Sources */,
				1348D07D20AB9C8000C20191 /* WidgetTableViewCell.swift in Sources */,
				1348D04520AB6DD800C20191 /* TodayViewController.swift in Sources */,
				1348D05320AB76E500C20191 /* Model.xcdatamodeld in Sources */,
			);
			runOnlyForDeploymentPostprocessing = 0;
		};
		13961C901FEB511100A9B2C1 /* Sources */ = {
			isa = PBXSourcesBuildPhase;
			buildActionMask = 2147483647;
			files = (
				13C6AD0920C07604002DFD66 /* TableHeaderView.swift in Sources */,
				13961C9C1FEB511100A9B2C1 /* SomeDayVC.swift in Sources */,
				13F2858F1FF74A4800E598A4 /* TaskVC.swift in Sources */,
				1348D07820AB90BD00C20191 /* PersistentContainer.swift in Sources */,
				13961C981FEB511100A9B2C1 /* AppDelegate.swift in Sources */,
				1348D0C820BDA57300C20191 /* TaskCell.swift in Sources */,
				13961C9A1FEB511100A9B2C1 /* TodayVC.swift in Sources */,
				1348D0C220BC7F3B00C20191 /* LongPressReorder.swift in Sources */,
				1348D03520AA36ED00C20191 /* ModalHandler.swift in Sources */,
				135E36381FF718E600EF6F78 /* Model.xcdatamodeld in Sources */,
				1348D03820AA912800C20191 /* Constants.swift in Sources */,
			);
			runOnlyForDeploymentPostprocessing = 0;
		};
/* End PBXSourcesBuildPhase section */

/* Begin PBXTargetDependency section */
		1348D04B20AB6DD800C20191 /* PBXTargetDependency */ = {
			isa = PBXTargetDependency;
			target = 1348D03E20AB6DD700C20191 /* Today tasks */;
			targetProxy = 1348D04A20AB6DD800C20191 /* PBXContainerItemProxy */;
		};
/* End PBXTargetDependency section */

/* Begin PBXVariantGroup section */
		1348D04620AB6DD800C20191 /* MainInterface.storyboard */ = {
			isa = PBXVariantGroup;
			children = (
				1348D04720AB6DD800C20191 /* Base */,
			);
			name = MainInterface.storyboard;
			sourceTree = "<group>";
		};
		13961C9D1FEB511100A9B2C1 /* Main.storyboard */ = {
			isa = PBXVariantGroup;
			children = (
				13961C9E1FEB511100A9B2C1 /* Base */,
			);
			name = Main.storyboard;
			sourceTree = "<group>";
		};
		13961CA21FEB511100A9B2C1 /* LaunchScreen.storyboard */ = {
			isa = PBXVariantGroup;
			children = (
				13961CA31FEB511100A9B2C1 /* Base */,
			);
			name = LaunchScreen.storyboard;
			sourceTree = "<group>";
		};
/* End PBXVariantGroup section */

/* Begin XCBuildConfiguration section */
		1348D04E20AB6DD800C20191 /* Debug */ = {
			isa = XCBuildConfiguration;
			baseConfigurationReference = FC4FED234C0D0380399488B1 /* Pods-Today tasks.debug.xcconfig */;
			buildSettings = {
				CLANG_ENABLE_OBJC_WEAK = YES;
				CODE_SIGN_ENTITLEMENTS = "Today tasks/Today tasks.entitlements";
				CODE_SIGN_STYLE = Automatic;
				DEVELOPMENT_TEAM = AM6YCEQCTE;
				INFOPLIST_FILE = "Today tasks/Info.plist";
				IPHONEOS_DEPLOYMENT_TARGET = 11.3;
				LD_RUNPATH_SEARCH_PATHS = "$(inherited) @executable_path/Frameworks @executable_path/../../Frameworks";
				PRODUCT_BUNDLE_IDENTIFIER = "ca.svkozak.Todayish.Today-tasks";
				PRODUCT_NAME = "$(TARGET_NAME)";
				SKIP_INSTALL = YES;
				SWIFT_VERSION = 4.0;
				TARGETED_DEVICE_FAMILY = "1,2";
			};
			name = Debug;
		};
		1348D04F20AB6DD800C20191 /* Release */ = {
			isa = XCBuildConfiguration;
			baseConfigurationReference = B26174F301BC4AC1EDE17E9C /* Pods-Today tasks.release.xcconfig */;
			buildSettings = {
				CLANG_ENABLE_OBJC_WEAK = YES;
				CODE_SIGN_ENTITLEMENTS = "Today tasks/Today tasks.entitlements";
				CODE_SIGN_STYLE = Automatic;
				DEVELOPMENT_TEAM = AM6YCEQCTE;
				INFOPLIST_FILE = "Today tasks/Info.plist";
				IPHONEOS_DEPLOYMENT_TARGET = 11.3;
				LD_RUNPATH_SEARCH_PATHS = "$(inherited) @executable_path/Frameworks @executable_path/../../Frameworks";
				PRODUCT_BUNDLE_IDENTIFIER = "ca.svkozak.Todayish.Today-tasks";
				PRODUCT_NAME = "$(TARGET_NAME)";
				SKIP_INSTALL = YES;
				SWIFT_VERSION = 4.0;
				TARGETED_DEVICE_FAMILY = "1,2";
			};
			name = Release;
		};
		13961CA61FEB511100A9B2C1 /* Debug */ = {
			isa = XCBuildConfiguration;
			buildSettings = {
				ALWAYS_SEARCH_USER_PATHS = NO;
				CLANG_ANALYZER_NONNULL = YES;
				CLANG_ANALYZER_NUMBER_OBJECT_CONVERSION = YES_AGGRESSIVE;
				CLANG_CXX_LANGUAGE_STANDARD = "gnu++14";
				CLANG_CXX_LIBRARY = "libc++";
				CLANG_ENABLE_MODULES = YES;
				CLANG_ENABLE_OBJC_ARC = YES;
				CLANG_WARN_BLOCK_CAPTURE_AUTORELEASING = YES;
				CLANG_WARN_BOOL_CONVERSION = YES;
				CLANG_WARN_COMMA = YES;
				CLANG_WARN_CONSTANT_CONVERSION = YES;
				CLANG_WARN_DEPRECATED_OBJC_IMPLEMENTATIONS = YES;
				CLANG_WARN_DIRECT_OBJC_ISA_USAGE = YES_ERROR;
				CLANG_WARN_DOCUMENTATION_COMMENTS = YES;
				CLANG_WARN_EMPTY_BODY = YES;
				CLANG_WARN_ENUM_CONVERSION = YES;
				CLANG_WARN_INFINITE_RECURSION = YES;
				CLANG_WARN_INT_CONVERSION = YES;
				CLANG_WARN_NON_LITERAL_NULL_CONVERSION = YES;
				CLANG_WARN_OBJC_IMPLICIT_RETAIN_SELF = YES;
				CLANG_WARN_OBJC_LITERAL_CONVERSION = YES;
				CLANG_WARN_OBJC_ROOT_CLASS = YES_ERROR;
				CLANG_WARN_RANGE_LOOP_ANALYSIS = YES;
				CLANG_WARN_STRICT_PROTOTYPES = YES;
				CLANG_WARN_SUSPICIOUS_MOVE = YES;
				CLANG_WARN_UNGUARDED_AVAILABILITY = YES_AGGRESSIVE;
				CLANG_WARN_UNREACHABLE_CODE = YES;
				CLANG_WARN__DUPLICATE_METHOD_MATCH = YES;
				CODE_SIGN_IDENTITY = "iPhone Developer";
				COPY_PHASE_STRIP = NO;
				DEBUG_INFORMATION_FORMAT = dwarf;
				ENABLE_STRICT_OBJC_MSGSEND = YES;
				ENABLE_TESTABILITY = YES;
				GCC_C_LANGUAGE_STANDARD = gnu11;
				GCC_DYNAMIC_NO_PIC = NO;
				GCC_NO_COMMON_BLOCKS = YES;
				GCC_OPTIMIZATION_LEVEL = 0;
				GCC_PREPROCESSOR_DEFINITIONS = (
					"DEBUG=1",
					"$(inherited)",
				);
				GCC_WARN_64_TO_32_BIT_CONVERSION = YES;
				GCC_WARN_ABOUT_RETURN_TYPE = YES_ERROR;
				GCC_WARN_UNDECLARED_SELECTOR = YES;
				GCC_WARN_UNINITIALIZED_AUTOS = YES_AGGRESSIVE;
				GCC_WARN_UNUSED_FUNCTION = YES;
				GCC_WARN_UNUSED_VARIABLE = YES;
				IPHONEOS_DEPLOYMENT_TARGET = 11.2;
				MTL_ENABLE_DEBUG_INFO = YES;
				ONLY_ACTIVE_ARCH = YES;
				SDKROOT = iphoneos;
				SWIFT_ACTIVE_COMPILATION_CONDITIONS = DEBUG;
				SWIFT_OPTIMIZATION_LEVEL = "-Onone";
			};
			name = Debug;
		};
		13961CA71FEB511100A9B2C1 /* Release */ = {
			isa = XCBuildConfiguration;
			buildSettings = {
				ALWAYS_SEARCH_USER_PATHS = NO;
				CLANG_ANALYZER_NONNULL = YES;
				CLANG_ANALYZER_NUMBER_OBJECT_CONVERSION = YES_AGGRESSIVE;
				CLANG_CXX_LANGUAGE_STANDARD = "gnu++14";
				CLANG_CXX_LIBRARY = "libc++";
				CLANG_ENABLE_MODULES = YES;
				CLANG_ENABLE_OBJC_ARC = YES;
				CLANG_WARN_BLOCK_CAPTURE_AUTORELEASING = YES;
				CLANG_WARN_BOOL_CONVERSION = YES;
				CLANG_WARN_COMMA = YES;
				CLANG_WARN_CONSTANT_CONVERSION = YES;
				CLANG_WARN_DEPRECATED_OBJC_IMPLEMENTATIONS = YES;
				CLANG_WARN_DIRECT_OBJC_ISA_USAGE = YES_ERROR;
				CLANG_WARN_DOCUMENTATION_COMMENTS = YES;
				CLANG_WARN_EMPTY_BODY = YES;
				CLANG_WARN_ENUM_CONVERSION = YES;
				CLANG_WARN_INFINITE_RECURSION = YES;
				CLANG_WARN_INT_CONVERSION = YES;
				CLANG_WARN_NON_LITERAL_NULL_CONVERSION = YES;
				CLANG_WARN_OBJC_IMPLICIT_RETAIN_SELF = YES;
				CLANG_WARN_OBJC_LITERAL_CONVERSION = YES;
				CLANG_WARN_OBJC_ROOT_CLASS = YES_ERROR;
				CLANG_WARN_RANGE_LOOP_ANALYSIS = YES;
				CLANG_WARN_STRICT_PROTOTYPES = YES;
				CLANG_WARN_SUSPICIOUS_MOVE = YES;
				CLANG_WARN_UNGUARDED_AVAILABILITY = YES_AGGRESSIVE;
				CLANG_WARN_UNREACHABLE_CODE = YES;
				CLANG_WARN__DUPLICATE_METHOD_MATCH = YES;
				CODE_SIGN_IDENTITY = "iPhone Developer";
				COPY_PHASE_STRIP = NO;
				DEBUG_INFORMATION_FORMAT = "dwarf-with-dsym";
				ENABLE_NS_ASSERTIONS = NO;
				ENABLE_STRICT_OBJC_MSGSEND = YES;
				GCC_C_LANGUAGE_STANDARD = gnu11;
				GCC_NO_COMMON_BLOCKS = YES;
				GCC_WARN_64_TO_32_BIT_CONVERSION = YES;
				GCC_WARN_ABOUT_RETURN_TYPE = YES_ERROR;
				GCC_WARN_UNDECLARED_SELECTOR = YES;
				GCC_WARN_UNINITIALIZED_AUTOS = YES_AGGRESSIVE;
				GCC_WARN_UNUSED_FUNCTION = YES;
				GCC_WARN_UNUSED_VARIABLE = YES;
				IPHONEOS_DEPLOYMENT_TARGET = 11.2;
				MTL_ENABLE_DEBUG_INFO = NO;
				SDKROOT = iphoneos;
				SWIFT_OPTIMIZATION_LEVEL = "-Owholemodule";
				VALIDATE_PRODUCT = YES;
			};
			name = Release;
		};
		13961CA91FEB511100A9B2C1 /* Debug */ = {
			isa = XCBuildConfiguration;
			baseConfigurationReference = AA7B66EFE1938324CFA50338 /* Pods-TodayTomorrow.debug.xcconfig */;
			buildSettings = {
				ALWAYS_EMBED_SWIFT_STANDARD_LIBRARIES = YES;
				ASSETCATALOG_COMPILER_APPICON_NAME = AppIcon;
				CODE_SIGN_ENTITLEMENTS = TodayTomorrow/TodayTomorrow.entitlements;
				CODE_SIGN_STYLE = Automatic;
				DEVELOPMENT_TEAM = AM6YCEQCTE;
				INFOPLIST_FILE = TodayTomorrow/Info.plist;
				LD_RUNPATH_SEARCH_PATHS = "$(inherited) @executable_path/Frameworks";
				PRODUCT_BUNDLE_IDENTIFIER = ca.svkozak.Todayish;
				PRODUCT_NAME = "$(TARGET_NAME)";
				SWIFT_VERSION = 4.0;
				TARGETED_DEVICE_FAMILY = "1,2";
			};
			name = Debug;
		};
		13961CAA1FEB511100A9B2C1 /* Release */ = {
			isa = XCBuildConfiguration;
			baseConfigurationReference = B611013094C1A827DE379FE2 /* Pods-TodayTomorrow.release.xcconfig */;
			buildSettings = {
				ALWAYS_EMBED_SWIFT_STANDARD_LIBRARIES = YES;
				ASSETCATALOG_COMPILER_APPICON_NAME = AppIcon;
				CODE_SIGN_ENTITLEMENTS = TodayTomorrow/TodayTomorrow.entitlements;
				CODE_SIGN_STYLE = Automatic;
				DEVELOPMENT_TEAM = AM6YCEQCTE;
				INFOPLIST_FILE = TodayTomorrow/Info.plist;
				LD_RUNPATH_SEARCH_PATHS = "$(inherited) @executable_path/Frameworks";
				PRODUCT_BUNDLE_IDENTIFIER = ca.svkozak.Todayish;
				PRODUCT_NAME = "$(TARGET_NAME)";
				SWIFT_VERSION = 4.0;
				TARGETED_DEVICE_FAMILY = "1,2";
			};
			name = Release;
		};
/* End XCBuildConfiguration section */

/* Begin XCConfigurationList section */
		1348D04D20AB6DD800C20191 /* Build configuration list for PBXNativeTarget "Today tasks" */ = {
			isa = XCConfigurationList;
			buildConfigurations = (
				1348D04E20AB6DD800C20191 /* Debug */,
				1348D04F20AB6DD800C20191 /* Release */,
			);
			defaultConfigurationIsVisible = 0;
			defaultConfigurationName = Release;
		};
		13961C8F1FEB511100A9B2C1 /* Build configuration list for PBXProject "TodayTomorrow" */ = {
			isa = XCConfigurationList;
			buildConfigurations = (
				13961CA61FEB511100A9B2C1 /* Debug */,
				13961CA71FEB511100A9B2C1 /* Release */,
			);
			defaultConfigurationIsVisible = 0;
			defaultConfigurationName = Release;
		};
		13961CA81FEB511100A9B2C1 /* Build configuration list for PBXNativeTarget "TodayTomorrow" */ = {
			isa = XCConfigurationList;
			buildConfigurations = (
				13961CA91FEB511100A9B2C1 /* Debug */,
				13961CAA1FEB511100A9B2C1 /* Release */,
			);
			defaultConfigurationIsVisible = 0;
			defaultConfigurationName = Release;
		};
/* End XCConfigurationList section */

/* Begin XCVersionGroup section */
		135E36361FF718E600EF6F78 /* Model.xcdatamodeld */ = {
			isa = XCVersionGroup;
			children = (
				13C6AD2D20C1C75D002DFD66 /* Model v3.xcdatamodel */,
				1348D0C320BCA64900C20191 /* Model v2.xcdatamodel */,
				135E36371FF718E600EF6F78 /* Model.xcdatamodel */,
			);
			currentVersion = 13C6AD2D20C1C75D002DFD66 /* Model v3.xcdatamodel */;
			path = Model.xcdatamodeld;
			sourceTree = "<group>";
			versionGroupType = wrapper.xcdatamodel;
		};
/* End XCVersionGroup section */
	};
	rootObject = 13961C8C1FEB511100A9B2C1 /* Project object */;
}
