// !$*UTF8*$!
{
	archiveVersion = 1;
	classes = {
	};
	objectVersion = 48;
	objects = {

/* Begin PBXBuildFile section */
		1331D9931FF751A700B8D34F /* Assets.xcassets in Resources */ = {isa = PBXBuildFile; fileRef = 1331D9921FF751A700B8D34F /* Assets.xcassets */; };
		1331D9951FF77C0500B8D34F /* EditTaskViewController.swift in Sources */ = {isa = PBXBuildFile; fileRef = 1331D9941FF77C0500B8D34F /* EditTaskViewController.swift */; };
		13338C54200726DB00D2FC39 /* SomeDayTaskCell.swift in Sources */ = {isa = PBXBuildFile; fileRef = 13338C53200726DB00D2FC39 /* SomeDayTaskCell.swift */; };
		135E36381FF718E600EF6F78 /* Model.xcdatamodeld in Sources */ = {isa = PBXBuildFile; fileRef = 135E36361FF718E600EF6F78 /* Model.xcdatamodeld */; };
		135E363A1FF71E7400EF6F78 /* TodayTaskCell.swift in Sources */ = {isa = PBXBuildFile; fileRef = 135E36391FF71E7400EF6F78 /* TodayTaskCell.swift */; };
		13961C981FEB511100A9B2C1 /* AppDelegate.swift in Sources */ = {isa = PBXBuildFile; fileRef = 13961C971FEB511100A9B2C1 /* AppDelegate.swift */; };
		13961C9A1FEB511100A9B2C1 /* TodayVC.swift in Sources */ = {isa = PBXBuildFile; fileRef = 13961C991FEB511100A9B2C1 /* TodayVC.swift */; };
		13961C9C1FEB511100A9B2C1 /* TomorrowVC.swift in Sources */ = {isa = PBXBuildFile; fileRef = 13961C9B1FEB511100A9B2C1 /* TomorrowVC.swift */; };
		13961C9F1FEB511100A9B2C1 /* Main.storyboard in Resources */ = {isa = PBXBuildFile; fileRef = 13961C9D1FEB511100A9B2C1 /* Main.storyboard */; };
		13961CA41FEB511100A9B2C1 /* LaunchScreen.storyboard in Resources */ = {isa = PBXBuildFile; fileRef = 13961CA21FEB511100A9B2C1 /* LaunchScreen.storyboard */; };
		13961CAC1FEB6A5600A9B2C1 /* Info.plist in Resources */ = {isa = PBXBuildFile; fileRef = 13961CA51FEB511100A9B2C1 /* Info.plist */; };
		13F2858F1FF74A4800E598A4 /* AddTaskViewController.swift in Sources */ = {isa = PBXBuildFile; fileRef = 13F2858E1FF74A4800E598A4 /* AddTaskViewController.swift */; };
/* End PBXBuildFile section */

/* Begin PBXFileReference section */
		1331D9921FF751A700B8D34F /* Assets.xcassets */ = {isa = PBXFileReference; lastKnownFileType = folder.assetcatalog; path = Assets.xcassets; sourceTree = "<group>"; };
		1331D9941FF77C0500B8D34F /* EditTaskViewController.swift */ = {isa = PBXFileReference; lastKnownFileType = sourcecode.swift; path = EditTaskViewController.swift; sourceTree = "<group>"; };
		13338C53200726DB00D2FC39 /* SomeDayTaskCell.swift */ = {isa = PBXFileReference; lastKnownFileType = sourcecode.swift; path = SomeDayTaskCell.swift; sourceTree = "<group>"; };
		135E36371FF718E600EF6F78 /* Model.xcdatamodel */ = {isa = PBXFileReference; lastKnownFileType = wrapper.xcdatamodel; path = Model.xcdatamodel; sourceTree = "<group>"; };
		135E36391FF71E7400EF6F78 /* TodayTaskCell.swift */ = {isa = PBXFileReference; lastKnownFileType = sourcecode.swift; path = TodayTaskCell.swift; sourceTree = "<group>"; };
		13961C941FEB511100A9B2C1 /* TodayTomorrow.app */ = {isa = PBXFileReference; explicitFileType = wrapper.application; includeInIndex = 0; path = TodayTomorrow.app; sourceTree = BUILT_PRODUCTS_DIR; };
		13961C971FEB511100A9B2C1 /* AppDelegate.swift */ = {isa = PBXFileReference; lastKnownFileType = sourcecode.swift; path = AppDelegate.swift; sourceTree = "<group>"; };
		13961C991FEB511100A9B2C1 /* TodayVC.swift */ = {isa = PBXFileReference; lastKnownFileType = sourcecode.swift; path = TodayVC.swift; sourceTree = "<group>"; };
		13961C9B1FEB511100A9B2C1 /* TomorrowVC.swift */ = {isa = PBXFileReference; lastKnownFileType = sourcecode.swift; path = TomorrowVC.swift; sourceTree = "<group>"; };
		13961C9E1FEB511100A9B2C1 /* Base */ = {isa = PBXFileReference; lastKnownFileType = file.storyboard; name = Base; path = Base.lproj/Main.storyboard; sourceTree = "<group>"; };
		13961CA31FEB511100A9B2C1 /* Base */ = {isa = PBXFileReference; lastKnownFileType = file.storyboard; name = Base; path = Base.lproj/LaunchScreen.storyboard; sourceTree = "<group>"; };
		13961CA51FEB511100A9B2C1 /* Info.plist */ = {isa = PBXFileReference; lastKnownFileType = text.plist.xml; path = Info.plist; sourceTree = "<group>"; };
		13F2858E1FF74A4800E598A4 /* AddTaskViewController.swift */ = {isa = PBXFileReference; lastKnownFileType = sourcecode.swift; path = AddTaskViewController.swift; sourceTree = "<group>"; };
/* End PBXFileReference section */

/* Begin PBXFrameworksBuildPhase section */
		13961C911FEB511100A9B2C1 /* Frameworks */ = {
			isa = PBXFrameworksBuildPhase;
			buildActionMask = 2147483647;
			files = (
			);
			runOnlyForDeploymentPostprocessing = 0;
		};
/* End PBXFrameworksBuildPhase section */

/* Begin PBXGroup section */
		134E04BF2008058C00A4410F /* View Controllers */ = {
			isa = PBXGroup;
			children = (
				13961C991FEB511100A9B2C1 /* TodayVC.swift */,
				13961C9B1FEB511100A9B2C1 /* TomorrowVC.swift */,
				13F2858E1FF74A4800E598A4 /* AddTaskViewController.swift */,
				1331D9941FF77C0500B8D34F /* EditTaskViewController.swift */,
			);
			path = "View Controllers";
			sourceTree = "<group>";
		};
		134E04C0200805B100A4410F /* Custom Cells */ = {
			isa = PBXGroup;
			children = (
				135E36391FF71E7400EF6F78 /* TodayTaskCell.swift */,
				13338C53200726DB00D2FC39 /* SomeDayTaskCell.swift */,
			);
			path = "Custom Cells";
			sourceTree = "<group>";
		};
		13961C8B1FEB511100A9B2C1 = {
			isa = PBXGroup;
			children = (
				13961C961FEB511100A9B2C1 /* TodayTomorrow */,
				13961C951FEB511100A9B2C1 /* Products */,
			);
			sourceTree = "<group>";
		};
		13961C951FEB511100A9B2C1 /* Products */ = {
			isa = PBXGroup;
			children = (
				13961C941FEB511100A9B2C1 /* TodayTomorrow.app */,
			);
			name = Products;
			sourceTree = "<group>";
		};
		13961C961FEB511100A9B2C1 /* TodayTomorrow */ = {
			isa = PBXGroup;
			children = (
				13961C971FEB511100A9B2C1 /* AppDelegate.swift */,
				134E04C0200805B100A4410F /* Custom Cells */,
				134E04BF2008058C00A4410F /* View Controllers */,
				13961C9D1FEB511100A9B2C1 /* Main.storyboard */,
				1331D9921FF751A700B8D34F /* Assets.xcassets */,
				13961CA21FEB511100A9B2C1 /* LaunchScreen.storyboard */,
				135E36361FF718E600EF6F78 /* Model.xcdatamodeld */,
				13961CA51FEB511100A9B2C1 /* Info.plist */,
			);
			path = TodayTomorrow;
			sourceTree = "<group>";
		};
/* End PBXGroup section */

/* Begin PBXNativeTarget section */
		13961C931FEB511100A9B2C1 /* TodayTomorrow */ = {
			isa = PBXNativeTarget;
			buildConfigurationList = 13961CA81FEB511100A9B2C1 /* Build configuration list for PBXNativeTarget "TodayTomorrow" */;
			buildPhases = (
				13961C901FEB511100A9B2C1 /* Sources */,
				13961C911FEB511100A9B2C1 /* Frameworks */,
				13961C921FEB511100A9B2C1 /* Resources */,
			);
			buildRules = (
			);
			dependencies = (
			);
			name = TodayTomorrow;
			productName = TodayTomorrow;
			productReference = 13961C941FEB511100A9B2C1 /* TodayTomorrow.app */;
			productType = "com.apple.product-type.application";
		};
/* End PBXNativeTarget section */

/* Begin PBXProject section */
		13961C8C1FEB511100A9B2C1 /* Project object */ = {
			isa = PBXProject;
			attributes = {
				LastSwiftUpdateCheck = 0920;
				LastUpgradeCheck = 0920;
				ORGANIZATIONNAME = Centennial;
				TargetAttributes = {
					13961C931FEB511100A9B2C1 = {
						CreatedOnToolsVersion = 9.2;
						ProvisioningStyle = Automatic;
					};
				};
			};
			buildConfigurationList = 13961C8F1FEB511100A9B2C1 /* Build configuration list for PBXProject "TodayTomorrow" */;
			compatibilityVersion = "Xcode 8.0";
			developmentRegion = en;
			hasScannedForEncodings = 0;
			knownRegions = (
				en,
				Base,
			);
			mainGroup = 13961C8B1FEB511100A9B2C1;
			productRefGroup = 13961C951FEB511100A9B2C1 /* Products */;
			projectDirPath = "";
			projectRoot = "";
			targets = (
				13961C931FEB511100A9B2C1 /* TodayTomorrow */,
			);
		};
/* End PBXProject section */

/* Begin PBXResourcesBuildPhase section */
		13961C921FEB511100A9B2C1 /* Resources */ = {
			isa = PBXResourcesBuildPhase;
			buildActionMask = 2147483647;
			files = (
				13961CAC1FEB6A5600A9B2C1 /* Info.plist in Resources */,
				13961CA41FEB511100A9B2C1 /* LaunchScreen.storyboard in Resources */,
				1331D9931FF751A700B8D34F /* Assets.xcassets in Resources */,
				13961C9F1FEB511100A9B2C1 /* Main.storyboard in Resources */,
			);
			runOnlyForDeploymentPostprocessing = 0;
		};
/* End PBXResourcesBuildPhase section */

/* Begin PBXSourcesBuildPhase section */
		13961C901FEB511100A9B2C1 /* Sources */ = {
			isa = PBXSourcesBuildPhase;
			buildActionMask = 2147483647;
			files = (
				13961C9C1FEB511100A9B2C1 /* TomorrowVC.swift in Sources */,
				13F2858F1FF74A4800E598A4 /* AddTaskViewController.swift in Sources */,
				13961C981FEB511100A9B2C1 /* AppDelegate.swift in Sources */,
				135E363A1FF71E7400EF6F78 /* TodayTaskCell.swift in Sources */,
				13961C9A1FEB511100A9B2C1 /* TodayVC.swift in Sources */,
				13338C54200726DB00D2FC39 /* SomeDayTaskCell.swift in Sources */,
				1331D9951FF77C0500B8D34F /* EditTaskViewController.swift in Sources */,
				135E36381FF718E600EF6F78 /* Model.xcdatamodeld in Sources */,
			);
			runOnlyForDeploymentPostprocessing = 0;
		};
/* End PBXSourcesBuildPhase section */

/* Begin PBXVariantGroup section */
		13961C9D1FEB511100A9B2C1 /* Main.storyboard */ = {
			isa = PBXVariantGroup;
			children = (
				13961C9E1FEB511100A9B2C1 /* Base */,
			);
			name = Main.storyboard;
			sourceTree = "<group>";
		};
		13961CA21FEB511100A9B2C1 /* LaunchScreen.storyboard */ = {
			isa = PBXVariantGroup;
			children = (
				13961CA31FEB511100A9B2C1 /* Base */,
			);
			name = LaunchScreen.storyboard;
			sourceTree = "<group>";
		};
/* End PBXVariantGroup section */

/* Begin XCBuildConfiguration section */
		13961CA61FEB511100A9B2C1 /* Debug */ = {
			isa = XCBuildConfiguration;
			buildSettings = {
				ALWAYS_SEARCH_USER_PATHS = NO;
				CLANG_ANALYZER_NONNULL = YES;
				CLANG_ANALYZER_NUMBER_OBJECT_CONVERSION = YES_AGGRESSIVE;
				CLANG_CXX_LANGUAGE_STANDARD = "gnu++14";
				CLANG_CXX_LIBRARY = "libc++";
				CLANG_ENABLE_MODULES = YES;
				CLANG_ENABLE_OBJC_ARC = YES;
				CLANG_WARN_BLOCK_CAPTURE_AUTORELEASING = YES;
				CLANG_WARN_BOOL_CONVERSION = YES;
				CLANG_WARN_COMMA = YES;
				CLANG_WARN_CONSTANT_CONVERSION = YES;
				CLANG_WARN_DIRECT_OBJC_ISA_USAGE = YES_ERROR;
				CLANG_WARN_DOCUMENTATION_COMMENTS = YES;
				CLANG_WARN_EMPTY_BODY = YES;
				CLANG_WARN_ENUM_CONVERSION = YES;
				CLANG_WARN_INFINITE_RECURSION = YES;
				CLANG_WARN_INT_CONVERSION = YES;
				CLANG_WARN_NON_LITERAL_NULL_CONVERSION = YES;
				CLANG_WARN_OBJC_LITERAL_CONVERSION = YES;
				CLANG_WARN_OBJC_ROOT_CLASS = YES_ERROR;
				CLANG_WARN_RANGE_LOOP_ANALYSIS = YES;
				CLANG_WARN_STRICT_PROTOTYPES = YES;
				CLANG_WARN_SUSPICIOUS_MOVE = YES;
				CLANG_WARN_UNGUARDED_AVAILABILITY = YES_AGGRESSIVE;
				CLANG_WARN_UNREACHABLE_CODE = YES;
				CLANG_WARN__DUPLICATE_METHOD_MATCH = YES;
				CODE_SIGN_IDENTITY = "iPhone Developer";
				COPY_PHASE_STRIP = NO;
				DEBUG_INFORMATION_FORMAT = dwarf;
				ENABLE_STRICT_OBJC_MSGSEND = YES;
				ENABLE_TESTABILITY = YES;
				GCC_C_LANGUAGE_STANDARD = gnu11;
				GCC_DYNAMIC_NO_PIC = NO;
				GCC_NO_COMMON_BLOCKS = YES;
				GCC_OPTIMIZATION_LEVEL = 0;
				GCC_PREPROCESSOR_DEFINITIONS = (
					"DEBUG=1",
					"$(inherited)",
				);
				GCC_WARN_64_TO_32_BIT_CONVERSION = YES;
				GCC_WARN_ABOUT_RETURN_TYPE = YES_ERROR;
				GCC_WARN_UNDECLARED_SELECTOR = YES;
				GCC_WARN_UNINITIALIZED_AUTOS = YES_AGGRESSIVE;
				GCC_WARN_UNUSED_FUNCTION = YES;
				GCC_WARN_UNUSED_VARIABLE = YES;
				IPHONEOS_DEPLOYMENT_TARGET = 11.2;
				MTL_ENABLE_DEBUG_INFO = YES;
				ONLY_ACTIVE_ARCH = YES;
				SDKROOT = iphoneos;
				SWIFT_ACTIVE_COMPILATION_CONDITIONS = DEBUG;
				SWIFT_OPTIMIZATION_LEVEL = "-Onone";
			};
			name = Debug;
		};
		13961CA71FEB511100A9B2C1 /* Release */ = {
			isa = XCBuildConfiguration;
			buildSettings = {
				ALWAYS_SEARCH_USER_PATHS = NO;
				CLANG_ANALYZER_NONNULL = YES;
				CLANG_ANALYZER_NUMBER_OBJECT_CONVERSION = YES_AGGRESSIVE;
				CLANG_CXX_LANGUAGE_STANDARD = "gnu++14";
				CLANG_CXX_LIBRARY = "libc++";
				CLANG_ENABLE_MODULES = YES;
				CLANG_ENABLE_OBJC_ARC = YES;
				CLANG_WARN_BLOCK_CAPTURE_AUTORELEASING = YES;
				CLANG_WARN_BOOL_CONVERSION = YES;
				CLANG_WARN_COMMA = YES;
				CLANG_WARN_CONSTANT_CONVERSION = YES;
				CLANG_WARN_DIRECT_OBJC_ISA_USAGE = YES_ERROR;
				CLANG_WARN_DOCUMENTATION_COMMENTS = YES;
				CLANG_WARN_EMPTY_BODY = YES;
				CLANG_WARN_ENUM_CONVERSION = YES;
				CLANG_WARN_INFINITE_RECURSION = YES;
				CLANG_WARN_INT_CONVERSION = YES;
				CLANG_WARN_NON_LITERAL_NULL_CONVERSION = YES;
				CLANG_WARN_OBJC_LITERAL_CONVERSION = YES;
				CLANG_WARN_OBJC_ROOT_CLASS = YES_ERROR;
				CLANG_WARN_RANGE_LOOP_ANALYSIS = YES;
				CLANG_WARN_STRICT_PROTOTYPES = YES;
				CLANG_WARN_SUSPICIOUS_MOVE = YES;
				CLANG_WARN_UNGUARDED_AVAILABILITY = YES_AGGRESSIVE;
				CLANG_WARN_UNREACHABLE_CODE = YES;
				CLANG_WARN__DUPLICATE_METHOD_MATCH = YES;
				CODE_SIGN_IDENTITY = "iPhone Developer";
				COPY_PHASE_STRIP = NO;
				DEBUG_INFORMATION_FORMAT = "dwarf-with-dsym";
				ENABLE_NS_ASSERTIONS = NO;
				ENABLE_STRICT_OBJC_MSGSEND = YES;
				GCC_C_LANGUAGE_STANDARD = gnu11;
				GCC_NO_COMMON_BLOCKS = YES;
				GCC_WARN_64_TO_32_BIT_CONVERSION = YES;
				GCC_WARN_ABOUT_RETURN_TYPE = YES_ERROR;
				GCC_WARN_UNDECLARED_SELECTOR = YES;
				GCC_WARN_UNINITIALIZED_AUTOS = YES_AGGRESSIVE;
				GCC_WARN_UNUSED_FUNCTION = YES;
				GCC_WARN_UNUSED_VARIABLE = YES;
				IPHONEOS_DEPLOYMENT_TARGET = 11.2;
				MTL_ENABLE_DEBUG_INFO = NO;
				SDKROOT = iphoneos;
				SWIFT_OPTIMIZATION_LEVEL = "-Owholemodule";
				VALIDATE_PRODUCT = YES;
			};
			name = Release;
		};
		13961CA91FEB511100A9B2C1 /* Debug */ = {
			isa = XCBuildConfiguration;
			buildSettings = {
				ASSETCATALOG_COMPILER_APPICON_NAME = AppIcon;
				CODE_SIGN_STYLE = Automatic;
				DEVELOPMENT_TEAM = 2BULHRS882;
				INFOPLIST_FILE = TodayTomorrow/Info.plist;
				LD_RUNPATH_SEARCH_PATHS = "$(inherited) @executable_path/Frameworks";
				PRODUCT_BUNDLE_IDENTIFIER = ca.centennialcollege.TodayTomorrow;
				PRODUCT_NAME = "$(TARGET_NAME)";
				SWIFT_VERSION = 4.0;
				TARGETED_DEVICE_FAMILY = 1;
			};
			name = Debug;
		};
		13961CAA1FEB511100A9B2C1 /* Release */ = {
			isa = XCBuildConfiguration;
			buildSettings = {
				ASSETCATALOG_COMPILER_APPICON_NAME = AppIcon;
				CODE_SIGN_STYLE = Automatic;
				DEVELOPMENT_TEAM = 2BULHRS882;
				INFOPLIST_FILE = TodayTomorrow/Info.plist;
				LD_RUNPATH_SEARCH_PATHS = "$(inherited) @executable_path/Frameworks";
				PRODUCT_BUNDLE_IDENTIFIER = ca.centennialcollege.TodayTomorrow;
				PRODUCT_NAME = "$(TARGET_NAME)";
				SWIFT_VERSION = 4.0;
				TARGETED_DEVICE_FAMILY = 1;
			};
			name = Release;
		};
/* End XCBuildConfiguration section */

/* Begin XCConfigurationList section */
		13961C8F1FEB511100A9B2C1 /* Build configuration list for PBXProject "TodayTomorrow" */ = {
			isa = XCConfigurationList;
			buildConfigurations = (
				13961CA61FEB511100A9B2C1 /* Debug */,
				13961CA71FEB511100A9B2C1 /* Release */,
			);
			defaultConfigurationIsVisible = 0;
			defaultConfigurationName = Release;
		};
		13961CA81FEB511100A9B2C1 /* Build configuration list for PBXNativeTarget "TodayTomorrow" */ = {
			isa = XCConfigurationList;
			buildConfigurations = (
				13961CA91FEB511100A9B2C1 /* Debug */,
				13961CAA1FEB511100A9B2C1 /* Release */,
			);
			defaultConfigurationIsVisible = 0;
			defaultConfigurationName = Release;
		};
/* End XCConfigurationList section */

/* Begin XCVersionGroup section */
		135E36361FF718E600EF6F78 /* Model.xcdatamodeld */ = {
			isa = XCVersionGroup;
			children = (
				135E36371FF718E600EF6F78 /* Model.xcdatamodel */,
			);
			currentVersion = 135E36371FF718E600EF6F78 /* Model.xcdatamodel */;
			path = Model.xcdatamodeld;
			sourceTree = "<group>";
			versionGroupType = wrapper.xcdatamodel;
		};
/* End XCVersionGroup section */
	};
	rootObject = 13961C8C1FEB511100A9B2C1 /* Project object */;
}
